
Microsoft Visual Studio Solution File, Format Version 10.00
# Visual Studio 2008
Project("{FAE04EC0-301F-11D3-BF4B-00C04F79EFBC}") = "OpenMic", "OpenMic.csproj", "{94A60D30-5567-4F6C-86DA-26EB31F12C70}"
EndProject
Global
	GlobalSection(SolutionConfigurationPlatforms) = preSolution
		Debug|Any CPU = Debug|Any CPU
		Release|Any CPU = Release|Any CPU
	EndGlobalSection
	GlobalSection(ProjectConfigurationPlatforms) = postSolution
		{94A60D30-5567-4F6C-86DA-26EB31F12C70}.Debug|Any CPU.ActiveCfg = Debug|Any CPU
		{94A60D30-5567-4F6C-86DA-26EB31F12C70}.Debug|Any CPU.Build.0 = Debug|Any CPU
		{94A60D30-5567-4F6C-86DA-26EB31F12C70}.Release|Any CPU.ActiveCfg = Release|Any CPU
		{94A60D30-5567-4F6C-86DA-26EB31F12C70}.Release|Any CPU.Build.0 = Release|Any CPU
	EndGlobalSection
	GlobalSection(SolutionProperties) = preSolution
		HideSolutionNode = FALSE
	EndGlobalSection
EndGlobal
