
Microsoft Visual Studio Solution File, Format Version 10.00
# Visual Studio 2008
Project("{FAE04EC0-301F-11D3-BF4B-00C04F79EFBC}") = "guistyletest", "guistyletest.csproj", "{02265878-4C0D-462F-A79A-AD3997B9CE43}"
EndProject
Global
	GlobalSection(SolutionConfigurationPlatforms) = preSolution
		Debug|Any CPU = Debug|Any CPU
		Release|Any CPU = Release|Any CPU
	EndGlobalSection
	GlobalSection(ProjectConfigurationPlatforms) = postSolution
		{02265878-4C0D-462F-A79A-AD3997B9CE43}.Debug|Any CPU.ActiveCfg = Debug|Any CPU
		{02265878-4C0D-462F-A79A-AD3997B9CE43}.Debug|Any CPU.Build.0 = Debug|Any CPU
		{02265878-4C0D-462F-A79A-AD3997B9CE43}.Release|Any CPU.ActiveCfg = Release|Any CPU
		{02265878-4C0D-462F-A79A-AD3997B9CE43}.Release|Any CPU.Build.0 = Release|Any CPU
	EndGlobalSection
	GlobalSection(SolutionProperties) = preSolution
		HideSolutionNode = FALSE
	EndGlobalSection
EndGlobal
