
Microsoft Visual Studio Solution File, Format Version 10.00
# Visual Studio 2008
Project("{FAE04EC0-301F-11D3-BF4B-00C04F79EFBC}") = "NewTOAPIA.Core", "NewTOAPIA.Core.csproj", "{E8819E96-D31D-4B4E-9BB7-5BFAF4C5FB91}"
EndProject
Project("{FAE04EC0-301F-11D3-BF4B-00C04F79EFBC}") = "NewTOAPIA.Drawing", "..\NewTOAPIA.Drawing\NewTOAPIA.Drawing.csproj", "{B70180B5-9B35-4538-9F23-A0C614BF27FE}"
EndProject
Project("{FAE04EC0-301F-11D3-BF4B-00C04F79EFBC}") = "NewTOAPIA.GL", "..\NewTOAPIA.GL\NewTOAPIA.GL.csproj", "{ADD59FCC-460A-4861-9587-EDFE8428F98F}"
	ProjectSection(ProjectDependencies) = postProject
		{0E1DA85A-73F6-486A-BD7C-155BD823CE92} = {0E1DA85A-73F6-486A-BD7C-155BD823CE92}
		{B70180B5-9B35-4538-9F23-A0C614BF27FE} = {B70180B5-9B35-4538-9F23-A0C614BF27FE}
	EndProjectSection
EndProject
Project("{FAE04EC0-301F-11D3-BF4B-00C04F79EFBC}") = "NewTOAPIA.Net", "..\NewTOAPIA.Net\NewTOAPIA.Net.csproj", "{4BE105C2-FD43-4651-9F7E-2A02253A2EDC}"
EndProject
Project("{FAE04EC0-301F-11D3-BF4B-00C04F79EFBC}") = "NewTOAPIA.Net.Rtp", "..\NewTOAPIA.Net.Rtp\NewTOAPIA.Net.Rtp.csproj", "{BC057313-82DF-4369-8273-394F1BA9C058}"
EndProject
Project("{FAE04EC0-301F-11D3-BF4B-00C04F79EFBC}") = "NewTOAPIA.Kernel", "..\NewTOAPIA.System\NewTOAPIA.Kernel.csproj", "{51179D46-90CC-43B4-AC57-79AB14530524}"
EndProject
Project("{FAE04EC0-301F-11D3-BF4B-00C04F79EFBC}") = "NewTOAPIA.UI", "..\NewTOAPIA.UI\NewTOAPIA.UI.csproj", "{0E1DA85A-73F6-486A-BD7C-155BD823CE92}"
	ProjectSection(ProjectDependencies) = postProject
		{B70180B5-9B35-4538-9F23-A0C614BF27FE} = {B70180B5-9B35-4538-9F23-A0C614BF27FE}
	EndProjectSection
EndProject
Project("{FAE04EC0-301F-11D3-BF4B-00C04F79EFBC}") = "NewTOAPIA.Imaging", "..\NewTOAPIA.Imaging\NewTOAPIA.Imaging.csproj", "{C90D127F-5353-47BF-BA55-CBE1DCA9F74C}"
EndProject
Project("{FAE04EC0-301F-11D3-BF4B-00C04F79EFBC}") = "NewTOAPIA.Media", "..\NewTOAPIA.Media\NewTOAPIA.Media.csproj", "{BB1114E7-8889-4DC2-9C37-A633B1587600}"
EndProject
Project("{FAE04EC0-301F-11D3-BF4B-00C04F79EFBC}") = "NewTOAPIA.DirectShow", "..\NewTOAPIA.DirectShow\NewTOAPIA.DirectShow.csproj", "{B76EFB5C-A4E1-41EF-8CD9-CA3BF3C32802}"
EndProject
Project("{FAE04EC0-301F-11D3-BF4B-00C04F79EFBC}") = "NewTOAPIA.Media.GL", "..\NewTOAPIA.GL.Media\NewTOAPIA.Media.GL.csproj", "{CBDBE705-0563-4117-8DB0-76CCEAC4264B}"
EndProject
Project("{FAE04EC0-301F-11D3-BF4B-00C04F79EFBC}") = "NewTOAPIA.Media.Capture", "..\NewTOAPIA.Media.Capture\NewTOAPIA.Media.Capture.csproj", "{30883379-6B97-441A-BD6E-ED0D410D1AED}"
EndProject
Project("{FAE04EC0-301F-11D3-BF4B-00C04F79EFBC}") = "NewTOAPIA.Media.WinMM", "..\NewTOAPIA.Media.WinMM\NewTOAPIA.Media.WinMM.csproj", "{7D60640B-A4F7-406A-B049-088FC6F8AC71}"
EndProject
Project("{FAE04EC0-301F-11D3-BF4B-00C04F79EFBC}") = "NewTOAPIA.Media.Vfw", "..\NewTOAPIA.Media.Vfw\NewTOAPIA.Media.Vfw.csproj", "{15E2DAEB-EBE1-44B6-8216-3889018F5261}"
EndProject
Project("{FAE04EC0-301F-11D3-BF4B-00C04F79EFBC}") = "NewTOAPIA.Modeling", "..\NewTOAPIA.Modeling\NewTOAPIA.Modeling.csproj", "{E649DA0A-1009-4876-9F59-5AAB43BDE4E7}"
EndProject
Project("{FAE04EC0-301F-11D3-BF4B-00C04F79EFBC}") = "NewTOAPIA.Particles", "..\NewTOAPIA.Particles\NewTOAPIA.Particles.csproj", "{3789E554-58F7-475F-9A7A-BA5DE5BEFD36}"
EndProject
Project("{FAE04EC0-301F-11D3-BF4B-00C04F79EFBC}") = "NewTOAPIA.GLU.Shapes", "..\NewTOAPIA.GLU.Shapes\NewTOAPIA.GLU.Shapes.csproj", "{F94FB69C-8B0C-4242-88CF-5CFFF2970798}"
EndProject
Project("{FAE04EC0-301F-11D3-BF4B-00C04F79EFBC}") = "NewTOAPIA.Drawing.GDI", "..\NewTOAPIA.Drawing.GDI\NewTOAPIA.Drawing.GDI.csproj", "{A212C60B-38FA-4F23-8217-A9D8417EDB3C}"
EndProject
Project("{FAE04EC0-301F-11D3-BF4B-00C04F79EFBC}") = "NewTOAPIA.UI.GL", "..\NewTOAPIA.UI.GL\NewTOAPIA.UI.GL.csproj", "{9FCFBE9C-9B86-4CCC-BF81-AA346CF912FE}"
EndProject
Project("{FAE04EC0-301F-11D3-BF4B-00C04F79EFBC}") = "NewTOAPIA.Net.Udt", "..\NewTOAPIA.Net.UDT\NewTOAPIA.Net.Udt.csproj", "{9628E6CD-62D6-4E86-BB5D-A1B6785CE469}"
EndProject
Project("{FAE04EC0-301F-11D3-BF4B-00C04F79EFBC}") = "NewTOAPIA.Media.Audio", "..\NewTOAPIA.Media.Audio\NewTOAPIA.Media.Audio.csproj", "{B8F37539-D080-4AE5-ADC3-1BDD75823050}"
EndProject
Project("{FAE04EC0-301F-11D3-BF4B-00C04F79EFBC}") = "NewTOAPIA.Graphics", "..\NewTOAPIA.Graphics\NewTOAPIA.Graphics.csproj", "{74C33FFA-463F-4272-AFAC-64B936A75D01}"
EndProject
Project("{FAE04EC0-301F-11D3-BF4B-00C04F79EFBC}") = "NewTOAPIA.Graphics.Raytrace", "..\NewTOAPIA.Graphics.Raytrace\NewTOAPIA.Graphics.Raytrace.csproj", "{E8DE5848-0C6D-46B4-9C4E-635A8688AAA3}"
EndProject
Project("{FAE04EC0-301F-11D3-BF4B-00C04F79EFBC}") = "NewTOAPIA.Graphics.Processor", "..\NewTOAPIA.Graphics.Processor\NewTOAPIA.Graphics.Processor.csproj", "{C1883B44-8218-408D-818A-16D4A3C5EFFF}"
EndProject
Project("{FAE04EC0-301F-11D3-BF4B-00C04F79EFBC}") = "NewTOAPIA.Net.RUDP", "..\NewTOAPIA.Net.RUDP\NewTOAPIA.Net.RUDP.csproj", "{476B7D2C-9BDB-455F-AB19-1FDA1A390C8F}"
EndProject
Project("{FAE04EC0-301F-11D3-BF4B-00C04F79EFBC}") = "NewTOAPIA.Net.SIP", "..\NewTOAPIA.Net.SIP\NewTOAPIA.Net.SIP.csproj", "{CBD6ADD6-0456-4CDD-942B-87567F328E28}"
EndProject
Global
	GlobalSection(SolutionConfigurationPlatforms) = preSolution
		Debug|Any CPU = Debug|Any CPU
		Release|Any CPU = Release|Any CPU
	EndGlobalSection
	GlobalSection(ProjectConfigurationPlatforms) = postSolution
		{E8819E96-D31D-4B4E-9BB7-5BFAF4C5FB91}.Debug|Any CPU.ActiveCfg = Debug|Any CPU
		{E8819E96-D31D-4B4E-9BB7-5BFAF4C5FB91}.Debug|Any CPU.Build.0 = Debug|Any CPU
		{E8819E96-D31D-4B4E-9BB7-5BFAF4C5FB91}.Release|Any CPU.ActiveCfg = Release|Any CPU
		{E8819E96-D31D-4B4E-9BB7-5BFAF4C5FB91}.Release|Any CPU.Build.0 = Release|Any CPU
		{B70180B5-9B35-4538-9F23-A0C614BF27FE}.Debug|Any CPU.ActiveCfg = Debug|Any CPU
		{B70180B5-9B35-4538-9F23-A0C614BF27FE}.Debug|Any CPU.Build.0 = Debug|Any CPU
		{B70180B5-9B35-4538-9F23-A0C614BF27FE}.Release|Any CPU.ActiveCfg = Release|Any CPU
		{B70180B5-9B35-4538-9F23-A0C614BF27FE}.Release|Any CPU.Build.0 = Release|Any CPU
		{ADD59FCC-460A-4861-9587-EDFE8428F98F}.Debug|Any CPU.ActiveCfg = Debug|Any CPU
		{ADD59FCC-460A-4861-9587-EDFE8428F98F}.Debug|Any CPU.Build.0 = Debug|Any CPU
		{ADD59FCC-460A-4861-9587-EDFE8428F98F}.Release|Any CPU.ActiveCfg = Release|Any CPU
		{ADD59FCC-460A-4861-9587-EDFE8428F98F}.Release|Any CPU.Build.0 = Release|Any CPU
		{4BE105C2-FD43-4651-9F7E-2A02253A2EDC}.Debug|Any CPU.ActiveCfg = Debug|Any CPU
		{4BE105C2-FD43-4651-9F7E-2A02253A2EDC}.Debug|Any CPU.Build.0 = Debug|Any CPU
		{4BE105C2-FD43-4651-9F7E-2A02253A2EDC}.Release|Any CPU.ActiveCfg = Release|Any CPU
		{4BE105C2-FD43-4651-9F7E-2A02253A2EDC}.Release|Any CPU.Build.0 = Release|Any CPU
		{BC057313-82DF-4369-8273-394F1BA9C058}.Debug|Any CPU.ActiveCfg = Debug|Any CPU
		{BC057313-82DF-4369-8273-394F1BA9C058}.Debug|Any CPU.Build.0 = Debug|Any CPU
		{BC057313-82DF-4369-8273-394F1BA9C058}.Release|Any CPU.ActiveCfg = Release|Any CPU
		{BC057313-82DF-4369-8273-394F1BA9C058}.Release|Any CPU.Build.0 = Release|Any CPU
		{51179D46-90CC-43B4-AC57-79AB14530524}.Debug|Any CPU.ActiveCfg = Debug|Any CPU
		{51179D46-90CC-43B4-AC57-79AB14530524}.Debug|Any CPU.Build.0 = Debug|Any CPU
		{51179D46-90CC-43B4-AC57-79AB14530524}.Release|Any CPU.ActiveCfg = Release|Any CPU
		{51179D46-90CC-43B4-AC57-79AB14530524}.Release|Any CPU.Build.0 = Release|Any CPU
		{0E1DA85A-73F6-486A-BD7C-155BD823CE92}.Debug|Any CPU.ActiveCfg = Debug|Any CPU
		{0E1DA85A-73F6-486A-BD7C-155BD823CE92}.Debug|Any CPU.Build.0 = Debug|Any CPU
		{0E1DA85A-73F6-486A-BD7C-155BD823CE92}.Release|Any CPU.ActiveCfg = Release|Any CPU
		{0E1DA85A-73F6-486A-BD7C-155BD823CE92}.Release|Any CPU.Build.0 = Release|Any CPU
		{C90D127F-5353-47BF-BA55-CBE1DCA9F74C}.Debug|Any CPU.ActiveCfg = Debug|Any CPU
		{C90D127F-5353-47BF-BA55-CBE1DCA9F74C}.Debug|Any CPU.Build.0 = Debug|Any CPU
		{C90D127F-5353-47BF-BA55-CBE1DCA9F74C}.Release|Any CPU.ActiveCfg = Release|Any CPU
		{C90D127F-5353-47BF-BA55-CBE1DCA9F74C}.Release|Any CPU.Build.0 = Release|Any CPU
		{BB1114E7-8889-4DC2-9C37-A633B1587600}.Debug|Any CPU.ActiveCfg = Debug|Any CPU
		{BB1114E7-8889-4DC2-9C37-A633B1587600}.Debug|Any CPU.Build.0 = Debug|Any CPU
		{BB1114E7-8889-4DC2-9C37-A633B1587600}.Release|Any CPU.ActiveCfg = Release|Any CPU
		{BB1114E7-8889-4DC2-9C37-A633B1587600}.Release|Any CPU.Build.0 = Release|Any CPU
		{B76EFB5C-A4E1-41EF-8CD9-CA3BF3C32802}.Debug|Any CPU.ActiveCfg = Debug|Any CPU
		{B76EFB5C-A4E1-41EF-8CD9-CA3BF3C32802}.Debug|Any CPU.Build.0 = Debug|Any CPU
		{B76EFB5C-A4E1-41EF-8CD9-CA3BF3C32802}.Release|Any CPU.ActiveCfg = Release|Any CPU
		{B76EFB5C-A4E1-41EF-8CD9-CA3BF3C32802}.Release|Any CPU.Build.0 = Release|Any CPU
		{CBDBE705-0563-4117-8DB0-76CCEAC4264B}.Debug|Any CPU.ActiveCfg = Debug|Any CPU
		{CBDBE705-0563-4117-8DB0-76CCEAC4264B}.Debug|Any CPU.Build.0 = Debug|Any CPU
		{CBDBE705-0563-4117-8DB0-76CCEAC4264B}.Release|Any CPU.ActiveCfg = Release|Any CPU
		{CBDBE705-0563-4117-8DB0-76CCEAC4264B}.Release|Any CPU.Build.0 = Release|Any CPU
		{30883379-6B97-441A-BD6E-ED0D410D1AED}.Debug|Any CPU.ActiveCfg = Debug|Any CPU
		{30883379-6B97-441A-BD6E-ED0D410D1AED}.Debug|Any CPU.Build.0 = Debug|Any CPU
		{30883379-6B97-441A-BD6E-ED0D410D1AED}.Release|Any CPU.ActiveCfg = Release|Any CPU
		{30883379-6B97-441A-BD6E-ED0D410D1AED}.Release|Any CPU.Build.0 = Release|Any CPU
		{7D60640B-A4F7-406A-B049-088FC6F8AC71}.Debug|Any CPU.ActiveCfg = Debug|Any CPU
		{7D60640B-A4F7-406A-B049-088FC6F8AC71}.Debug|Any CPU.Build.0 = Debug|Any CPU
		{7D60640B-A4F7-406A-B049-088FC6F8AC71}.Release|Any CPU.ActiveCfg = Release|Any CPU
		{7D60640B-A4F7-406A-B049-088FC6F8AC71}.Release|Any CPU.Build.0 = Release|Any CPU
		{15E2DAEB-EBE1-44B6-8216-3889018F5261}.Debug|Any CPU.ActiveCfg = Debug|Any CPU
		{15E2DAEB-EBE1-44B6-8216-3889018F5261}.Debug|Any CPU.Build.0 = Debug|Any CPU
		{15E2DAEB-EBE1-44B6-8216-3889018F5261}.Release|Any CPU.ActiveCfg = Release|Any CPU
		{15E2DAEB-EBE1-44B6-8216-3889018F5261}.Release|Any CPU.Build.0 = Release|Any CPU
		{E649DA0A-1009-4876-9F59-5AAB43BDE4E7}.Debug|Any CPU.ActiveCfg = Debug|Any CPU
		{E649DA0A-1009-4876-9F59-5AAB43BDE4E7}.Debug|Any CPU.Build.0 = Debug|Any CPU
		{E649DA0A-1009-4876-9F59-5AAB43BDE4E7}.Release|Any CPU.ActiveCfg = Release|Any CPU
		{E649DA0A-1009-4876-9F59-5AAB43BDE4E7}.Release|Any CPU.Build.0 = Release|Any CPU
		{3789E554-58F7-475F-9A7A-BA5DE5BEFD36}.Debug|Any CPU.ActiveCfg = Debug|Any CPU
		{3789E554-58F7-475F-9A7A-BA5DE5BEFD36}.Debug|Any CPU.Build.0 = Debug|Any CPU
		{3789E554-58F7-475F-9A7A-BA5DE5BEFD36}.Release|Any CPU.ActiveCfg = Release|Any CPU
		{3789E554-58F7-475F-9A7A-BA5DE5BEFD36}.Release|Any CPU.Build.0 = Release|Any CPU
		{F94FB69C-8B0C-4242-88CF-5CFFF2970798}.Debug|Any CPU.ActiveCfg = Debug|Any CPU
		{F94FB69C-8B0C-4242-88CF-5CFFF2970798}.Debug|Any CPU.Build.0 = Debug|Any CPU
		{F94FB69C-8B0C-4242-88CF-5CFFF2970798}.Release|Any CPU.ActiveCfg = Release|Any CPU
		{F94FB69C-8B0C-4242-88CF-5CFFF2970798}.Release|Any CPU.Build.0 = Release|Any CPU
		{A212C60B-38FA-4F23-8217-A9D8417EDB3C}.Debug|Any CPU.ActiveCfg = Debug|Any CPU
		{A212C60B-38FA-4F23-8217-A9D8417EDB3C}.Debug|Any CPU.Build.0 = Debug|Any CPU
		{A212C60B-38FA-4F23-8217-A9D8417EDB3C}.Release|Any CPU.ActiveCfg = Release|Any CPU
		{A212C60B-38FA-4F23-8217-A9D8417EDB3C}.Release|Any CPU.Build.0 = Release|Any CPU
		{9FCFBE9C-9B86-4CCC-BF81-AA346CF912FE}.Debug|Any CPU.ActiveCfg = Debug|Any CPU
		{9FCFBE9C-9B86-4CCC-BF81-AA346CF912FE}.Debug|Any CPU.Build.0 = Debug|Any CPU
		{9FCFBE9C-9B86-4CCC-BF81-AA346CF912FE}.Release|Any CPU.ActiveCfg = Release|Any CPU
		{9FCFBE9C-9B86-4CCC-BF81-AA346CF912FE}.Release|Any CPU.Build.0 = Release|Any CPU
		{9628E6CD-62D6-4E86-BB5D-A1B6785CE469}.Debug|Any CPU.ActiveCfg = Debug|Any CPU
		{9628E6CD-62D6-4E86-BB5D-A1B6785CE469}.Debug|Any CPU.Build.0 = Debug|Any CPU
		{9628E6CD-62D6-4E86-BB5D-A1B6785CE469}.Release|Any CPU.ActiveCfg = Release|Any CPU
		{9628E6CD-62D6-4E86-BB5D-A1B6785CE469}.Release|Any CPU.Build.0 = Release|Any CPU
		{B8F37539-D080-4AE5-ADC3-1BDD75823050}.Debug|Any CPU.ActiveCfg = Debug|Any CPU
		{B8F37539-D080-4AE5-ADC3-1BDD75823050}.Debug|Any CPU.Build.0 = Debug|Any CPU
		{B8F37539-D080-4AE5-ADC3-1BDD75823050}.Release|Any CPU.ActiveCfg = Release|Any CPU
		{B8F37539-D080-4AE5-ADC3-1BDD75823050}.Release|Any CPU.Build.0 = Release|Any CPU
		{74C33FFA-463F-4272-AFAC-64B936A75D01}.Debug|Any CPU.ActiveCfg = Debug|Any CPU
		{74C33FFA-463F-4272-AFAC-64B936A75D01}.Debug|Any CPU.Build.0 = Debug|Any CPU
		{74C33FFA-463F-4272-AFAC-64B936A75D01}.Release|Any CPU.ActiveCfg = Release|Any CPU
		{74C33FFA-463F-4272-AFAC-64B936A75D01}.Release|Any CPU.Build.0 = Release|Any CPU
		{E8DE5848-0C6D-46B4-9C4E-635A8688AAA3}.Debug|Any CPU.ActiveCfg = Debug|Any CPU
		{E8DE5848-0C6D-46B4-9C4E-635A8688AAA3}.Debug|Any CPU.Build.0 = Debug|Any CPU
		{E8DE5848-0C6D-46B4-9C4E-635A8688AAA3}.Release|Any CPU.ActiveCfg = Release|Any CPU
		{E8DE5848-0C6D-46B4-9C4E-635A8688AAA3}.Release|Any CPU.Build.0 = Release|Any CPU
		{C1883B44-8218-408D-818A-16D4A3C5EFFF}.Debug|Any CPU.ActiveCfg = Debug|Any CPU
		{C1883B44-8218-408D-818A-16D4A3C5EFFF}.Debug|Any CPU.Build.0 = Debug|Any CPU
		{C1883B44-8218-408D-818A-16D4A3C5EFFF}.Release|Any CPU.ActiveCfg = Release|Any CPU
		{C1883B44-8218-408D-818A-16D4A3C5EFFF}.Release|Any CPU.Build.0 = Release|Any CPU
		{476B7D2C-9BDB-455F-AB19-1FDA1A390C8F}.Debug|Any CPU.ActiveCfg = Debug|Any CPU
		{476B7D2C-9BDB-455F-AB19-1FDA1A390C8F}.Debug|Any CPU.Build.0 = Debug|Any CPU
		{476B7D2C-9BDB-455F-AB19-1FDA1A390C8F}.Release|Any CPU.ActiveCfg = Release|Any CPU
		{476B7D2C-9BDB-455F-AB19-1FDA1A390C8F}.Release|Any CPU.Build.0 = Release|Any CPU
		{CBD6ADD6-0456-4CDD-942B-87567F328E28}.Debug|Any CPU.ActiveCfg = Debug|Any CPU
		{CBD6ADD6-0456-4CDD-942B-87567F328E28}.Debug|Any CPU.Build.0 = Debug|Any CPU
		{CBD6ADD6-0456-4CDD-942B-87567F328E28}.Release|Any CPU.ActiveCfg = Release|Any CPU
		{CBD6ADD6-0456-4CDD-942B-87567F328E28}.Release|Any CPU.Build.0 = Release|Any CPU
	EndGlobalSection
	GlobalSection(SolutionProperties) = preSolution
		HideSolutionNode = FALSE
	EndGlobalSection
EndGlobal
