
Microsoft Visual Studio Solution File, Format Version 10.00
# Visual Studio 2008
Project("{FAE04EC0-301F-11D3-BF4B-00C04F79EFBC}") = "Shading", "Shading\Shading.csproj", "{3FA14D40-D552-487B-B69E-8183556FF910}"
EndProject
Global
	GlobalSection(SolutionConfigurationPlatforms) = preSolution
		Debug|Any CPU = Debug|Any CPU
		Release|Any CPU = Release|Any CPU
	EndGlobalSection
	GlobalSection(ProjectConfigurationPlatforms) = postSolution
		{3FA14D40-D552-487B-B69E-8183556FF910}.Debug|Any CPU.ActiveCfg = Debug|Any CPU
		{3FA14D40-D552-487B-B69E-8183556FF910}.Debug|Any CPU.Build.0 = Debug|Any CPU
		{3FA14D40-D552-487B-B69E-8183556FF910}.Release|Any CPU.ActiveCfg = Release|Any CPU
		{3FA14D40-D552-487B-B69E-8183556FF910}.Release|Any CPU.Build.0 = Release|Any CPU
	EndGlobalSection
	GlobalSection(SolutionProperties) = preSolution
		HideSolutionNode = FALSE
	EndGlobalSection
EndGlobal
